
Microsoft Visual Studio Solution File, Format Version 12.00
# Visual Studio Version 17
VisualStudioVersion = 17.2.32602.215
MinimumVisualStudioVersion = 10.0.40219.1
Project("{9A19103F-16F7-4668-BE54-9A1E7A4F7556}") = "Work-logger", "Work-logger\Work-logger.csproj", "{8FB6E634-AB7B-413A-8598-48F92CCC5BE0}"
EndProject
Project("{FAE04EC0-301F-11D3-BF4B-00C04F79EFBC}") = "WorkLogger.Domain", "WorkLogger.Domain\WorkLogger.Domain.csproj", "{95A301AC-9BB9-48A9-9CF7-D77502C3EC3F}"
EndProject
Project("{FAE04EC0-301F-11D3-BF4B-00C04F79EFBC}") = "WorkLogger.Infrastructure", "WorkLogger.Infrastructure\WorkLogger.Infrastructure.csproj", "{4A11A309-CB92-4E1C-8629-994CE1BD5503}"
EndProject
Global
	GlobalSection(SolutionConfigurationPlatforms) = preSolution
		Debug|Any CPU = Debug|Any CPU
		Release|Any CPU = Release|Any CPU
	EndGlobalSection
	GlobalSection(ProjectConfigurationPlatforms) = postSolution
		{8FB6E634-AB7B-413A-8598-48F92CCC5BE0}.Debug|Any CPU.ActiveCfg = Debug|Any CPU
		{8FB6E634-AB7B-413A-8598-48F92CCC5BE0}.Debug|Any CPU.Build.0 = Debug|Any CPU
		{8FB6E634-AB7B-413A-8598-48F92CCC5BE0}.Release|Any CPU.ActiveCfg = Release|Any CPU
		{8FB6E634-AB7B-413A-8598-48F92CCC5BE0}.Release|Any CPU.Build.0 = Release|Any CPU
		{95A301AC-9BB9-48A9-9CF7-D77502C3EC3F}.Debug|Any CPU.ActiveCfg = Debug|Any CPU
		{95A301AC-9BB9-48A9-9CF7-D77502C3EC3F}.Debug|Any CPU.Build.0 = Debug|Any CPU
		{95A301AC-9BB9-48A9-9CF7-D77502C3EC3F}.Release|Any CPU.ActiveCfg = Release|Any CPU
		{95A301AC-9BB9-48A9-9CF7-D77502C3EC3F}.Release|Any CPU.Build.0 = Release|Any CPU
		{4A11A309-CB92-4E1C-8629-994CE1BD5503}.Debug|Any CPU.ActiveCfg = Debug|Any CPU
		{4A11A309-CB92-4E1C-8629-994CE1BD5503}.Debug|Any CPU.Build.0 = Debug|Any CPU
		{4A11A309-CB92-4E1C-8629-994CE1BD5503}.Release|Any CPU.ActiveCfg = Release|Any CPU
		{4A11A309-CB92-4E1C-8629-994CE1BD5503}.Release|Any CPU.Build.0 = Release|Any CPU
	EndGlobalSection
	GlobalSection(SolutionProperties) = preSolution
		HideSolutionNode = FALSE
	EndGlobalSection
	GlobalSection(ExtensibilityGlobals) = postSolution
		SolutionGuid = {652E4CF3-A460-4483-ACAA-0EA40D8923B4}
	EndGlobalSection
EndGlobal
