
Microsoft Visual Studio Solution File, Format Version 12.00
# Visual Studio Version 17
VisualStudioVersion = 17.2.32602.215
MinimumVisualStudioVersion = 10.0.40219.1
Project("{9A19103F-16F7-4668-BE54-9A1E7A4F7556}") = "Work-logger", "Work-logger\Work-logger.csproj", "{8FB6E634-AB7B-413A-8598-48F92CCC5BE0}"
EndProject
Project("{9A19103F-16F7-4668-BE54-9A1E7A4F7556}") = "WorkLogger.Domain", "WorkLogger.Domain\WorkLogger.Domain.csproj", "{95A301AC-9BB9-48A9-9CF7-D77502C3EC3F}"
EndProject
Project("{9A19103F-16F7-4668-BE54-9A1E7A4F7556}") = "WorkLogger.Infrastructure", "WorkLogger.Infrastructure\WorkLogger.Infrastructure.csproj", "{4A11A309-CB92-4E1C-8629-994CE1BD5503}"
EndProject
Project("{9A19103F-16F7-4668-BE54-9A1E7A4F7556}") = "WorkLogger.Domain.Tests", "WorkLogger.Domain.Tests\WorkLogger.Domain.Tests.csproj", "{16125F49-18AF-46C1-9783-C4F71D223396}"
EndProject
Project("{9A19103F-16F7-4668-BE54-9A1E7A4F7556}") = "WorkLogger.Services", "WorkLogger.Services\WorkLogger.Services.csproj", "{F560C7FA-BD8F-4A26-A579-E1FC9F0B0A74}"
EndProject
Project("{2150E333-8FDC-42A3-9474-1A3956D46DE8}") = "Solution Items", "Solution Items", "{88BEE8BF-9142-4AEC-8656-83E2D308BEA1}"
	ProjectSection(SolutionItems) = preProject
		docker-compose.yml = docker-compose.yml
	EndProjectSection
EndProject
Project("{9A19103F-16F7-4668-BE54-9A1E7A4F7556}") = "WorkLogger.Common", "WorkLogger.Common\WorkLogger.Common.csproj", "{2C696C3A-0D6E-4487-AC6B-8704DAF358CF}"
EndProject
Project("{9A19103F-16F7-4668-BE54-9A1E7A4F7556}") = "WorkLogger.Services.Tests", "WorkLogger.Services.Tests\WorkLogger.Services.Tests.csproj", "{87216AA2-58E0-496A-A493-25BC385B2A63}"
EndProject
Project("{FAE04EC0-301F-11D3-BF4B-00C04F79EFBC}") = "WorkLogger.Api", "WorkLogger.Api\WorkLogger.Api.csproj", "{63736D49-1DB9-4934-AB50-1B8D93876F38}"
EndProject
Global
	GlobalSection(SolutionConfigurationPlatforms) = preSolution
		Debug|Any CPU = Debug|Any CPU
		Release|Any CPU = Release|Any CPU
	EndGlobalSection
	GlobalSection(ProjectConfigurationPlatforms) = postSolution
		{8FB6E634-AB7B-413A-8598-48F92CCC5BE0}.Debug|Any CPU.ActiveCfg = Debug|Any CPU
		{8FB6E634-AB7B-413A-8598-48F92CCC5BE0}.Debug|Any CPU.Build.0 = Debug|Any CPU
		{8FB6E634-AB7B-413A-8598-48F92CCC5BE0}.Release|Any CPU.ActiveCfg = Release|Any CPU
		{8FB6E634-AB7B-413A-8598-48F92CCC5BE0}.Release|Any CPU.Build.0 = Release|Any CPU
		{95A301AC-9BB9-48A9-9CF7-D77502C3EC3F}.Debug|Any CPU.ActiveCfg = Debug|Any CPU
		{95A301AC-9BB9-48A9-9CF7-D77502C3EC3F}.Debug|Any CPU.Build.0 = Debug|Any CPU
		{95A301AC-9BB9-48A9-9CF7-D77502C3EC3F}.Release|Any CPU.ActiveCfg = Release|Any CPU
		{95A301AC-9BB9-48A9-9CF7-D77502C3EC3F}.Release|Any CPU.Build.0 = Release|Any CPU
		{4A11A309-CB92-4E1C-8629-994CE1BD5503}.Debug|Any CPU.ActiveCfg = Debug|Any CPU
		{4A11A309-CB92-4E1C-8629-994CE1BD5503}.Debug|Any CPU.Build.0 = Debug|Any CPU
		{4A11A309-CB92-4E1C-8629-994CE1BD5503}.Release|Any CPU.ActiveCfg = Release|Any CPU
		{4A11A309-CB92-4E1C-8629-994CE1BD5503}.Release|Any CPU.Build.0 = Release|Any CPU
		{16125F49-18AF-46C1-9783-C4F71D223396}.Debug|Any CPU.ActiveCfg = Debug|Any CPU
		{16125F49-18AF-46C1-9783-C4F71D223396}.Debug|Any CPU.Build.0 = Debug|Any CPU
		{16125F49-18AF-46C1-9783-C4F71D223396}.Release|Any CPU.ActiveCfg = Release|Any CPU
		{16125F49-18AF-46C1-9783-C4F71D223396}.Release|Any CPU.Build.0 = Release|Any CPU
		{F560C7FA-BD8F-4A26-A579-E1FC9F0B0A74}.Debug|Any CPU.ActiveCfg = Debug|Any CPU
		{F560C7FA-BD8F-4A26-A579-E1FC9F0B0A74}.Debug|Any CPU.Build.0 = Debug|Any CPU
		{F560C7FA-BD8F-4A26-A579-E1FC9F0B0A74}.Release|Any CPU.ActiveCfg = Release|Any CPU
		{F560C7FA-BD8F-4A26-A579-E1FC9F0B0A74}.Release|Any CPU.Build.0 = Release|Any CPU
		{2C696C3A-0D6E-4487-AC6B-8704DAF358CF}.Debug|Any CPU.ActiveCfg = Debug|Any CPU
		{2C696C3A-0D6E-4487-AC6B-8704DAF358CF}.Debug|Any CPU.Build.0 = Debug|Any CPU
		{2C696C3A-0D6E-4487-AC6B-8704DAF358CF}.Release|Any CPU.ActiveCfg = Release|Any CPU
		{2C696C3A-0D6E-4487-AC6B-8704DAF358CF}.Release|Any CPU.Build.0 = Release|Any CPU
		{87216AA2-58E0-496A-A493-25BC385B2A63}.Debug|Any CPU.ActiveCfg = Debug|Any CPU
		{87216AA2-58E0-496A-A493-25BC385B2A63}.Debug|Any CPU.Build.0 = Debug|Any CPU
		{87216AA2-58E0-496A-A493-25BC385B2A63}.Release|Any CPU.ActiveCfg = Release|Any CPU
		{87216AA2-58E0-496A-A493-25BC385B2A63}.Release|Any CPU.Build.0 = Release|Any CPU
		{63736D49-1DB9-4934-AB50-1B8D93876F38}.Debug|Any CPU.ActiveCfg = Debug|Any CPU
		{63736D49-1DB9-4934-AB50-1B8D93876F38}.Debug|Any CPU.Build.0 = Debug|Any CPU
		{63736D49-1DB9-4934-AB50-1B8D93876F38}.Release|Any CPU.ActiveCfg = Release|Any CPU
		{63736D49-1DB9-4934-AB50-1B8D93876F38}.Release|Any CPU.Build.0 = Release|Any CPU
	EndGlobalSection
	GlobalSection(SolutionProperties) = preSolution
		HideSolutionNode = FALSE
	EndGlobalSection
	GlobalSection(ExtensibilityGlobals) = postSolution
		SolutionGuid = {652E4CF3-A460-4483-ACAA-0EA40D8923B4}
	EndGlobalSection
EndGlobal
